# This file is automatically @generated by Cargo.
# It is not intended for manual editing.
version = 4

[[package]]
name = "borsh"
version = "1.7.0"
source = "registry+https://github.com/rust-lang/crates.io-index"
checksum = "2f3f6da4992df95bbcd9af42a6c7dcb994498fc9048230405f3b36ff7cd3f145"
dependencies = [
 "bytes",
 "cfg_aliases",
]

[[package]]
name = "bytes"
version = "1.12.0"
source = "registry+https://github.com/rust-lang/crates.io-index"
checksum = "8ae3f5d315924270530207e2a68396c3cc547f6dca3fbdca317cfb1a51edb593"

[[package]]
name = "cfg_aliases"
version = "0.2.1"
source = "registry+https://github.com/rust-lang/crates.io-index"
checksum = "613afe47fcd5fac7ccf1db93babcb082c5994d996f20b8b159f2ad1658eb5724"

[[package]]
name = "rust_challenge"
version = "0.1.0"
dependencies = [
 "borsh",
]
